
Microsoft Visual Studio Solution File, Format Version 12.00
# Visual Studio Version 17
VisualStudioVersion = 17.4.33110.190
MinimumVisualStudioVersion = 10.0.40219.1
Project("{FAE04EC0-301F-11D3-BF4B-00C04F79EFBC}") = "WorldCupDAL", "WorldCupDAL\WorldCupDAL.csproj", "{3B4A375D-A9CD-4F87-B9DF-63FCD7308F1D}"
EndProject
Project("{FAE04EC0-301F-11D3-BF4B-00C04F79EFBC}") = "WorldCup_WinForms", "WorldCup_WinForms\WorldCup_WinForms.csproj", "{8E2342D9-2912-41FA-A48D-A5BCFA762E38}"
EndProject
Project("{FAE04EC0-301F-11D3-BF4B-00C04F79EFBC}") = "WorldCup_WPF", "WorldCup_WPF\WorldCup_WPF.csproj", "{D5D616A3-9D37-4BB8-8617-8460D963687A}"
EndProject
Global
	GlobalSection(SolutionConfigurationPlatforms) = preSolution
		Debug|Any CPU = Debug|Any CPU
		Release|Any CPU = Release|Any CPU
	EndGlobalSection
	GlobalSection(ProjectConfigurationPlatforms) = postSolution
		{3B4A375D-A9CD-4F87-B9DF-63FCD7308F1D}.Debug|Any CPU.ActiveCfg = Debug|Any CPU
		{3B4A375D-A9CD-4F87-B9DF-63FCD7308F1D}.Debug|Any CPU.Build.0 = Debug|Any CPU
		{3B4A375D-A9CD-4F87-B9DF-63FCD7308F1D}.Release|Any CPU.ActiveCfg = Release|Any CPU
		{3B4A375D-A9CD-4F87-B9DF-63FCD7308F1D}.Release|Any CPU.Build.0 = Release|Any CPU
		{8E2342D9-2912-41FA-A48D-A5BCFA762E38}.Debug|Any CPU.ActiveCfg = Debug|Any CPU
		{8E2342D9-2912-41FA-A48D-A5BCFA762E38}.Debug|Any CPU.Build.0 = Debug|Any CPU
		{8E2342D9-2912-41FA-A48D-A5BCFA762E38}.Release|Any CPU.ActiveCfg = Release|Any CPU
		{8E2342D9-2912-41FA-A48D-A5BCFA762E38}.Release|Any CPU.Build.0 = Release|Any CPU
		{D5D616A3-9D37-4BB8-8617-8460D963687A}.Debug|Any CPU.ActiveCfg = Debug|Any CPU
		{D5D616A3-9D37-4BB8-8617-8460D963687A}.Debug|Any CPU.Build.0 = Debug|Any CPU
		{D5D616A3-9D37-4BB8-8617-8460D963687A}.Release|Any CPU.ActiveCfg = Release|Any CPU
		{D5D616A3-9D37-4BB8-8617-8460D963687A}.Release|Any CPU.Build.0 = Release|Any CPU
	EndGlobalSection
	GlobalSection(SolutionProperties) = preSolution
		HideSolutionNode = FALSE
	EndGlobalSection
	GlobalSection(ExtensibilityGlobals) = postSolution
		SolutionGuid = {B72B2EF2-C9E7-4E5F-BC91-7234A341F2C0}
	EndGlobalSection
EndGlobal
